
Microsoft Visual Studio Solution File, Format Version 12.00
# Visual Studio Version 17
VisualStudioVersion = 17.10.35122.118
MinimumVisualStudioVersion = 10.0.40219.1
Project("{FAE04EC0-301F-11D3-BF4B-00C04F79EFBC}") = "ActividadInvividual", "ActividadInvividual\ActividadInvividual.csproj", "{9FB0EA94-355B-49A0-A148-F33E89E1C398}"
EndProject
Project("{FAE04EC0-301F-11D3-BF4B-00C04F79EFBC}") = "JuegosLibreria", "JuegosLibreria\JuegosLibreria.csproj", "{99DF0FA4-C617-4C05-AD6F-02A85538BC5B}"
EndProject
Global
	GlobalSection(SolutionConfigurationPlatforms) = preSolution
		Debug|Any CPU = Debug|Any CPU
		Release|Any CPU = Release|Any CPU
	EndGlobalSection
	GlobalSection(ProjectConfigurationPlatforms) = postSolution
		{9FB0EA94-355B-49A0-A148-F33E89E1C398}.Debug|Any CPU.ActiveCfg = Debug|Any CPU
		{9FB0EA94-355B-49A0-A148-F33E89E1C398}.Debug|Any CPU.Build.0 = Debug|Any CPU
		{9FB0EA94-355B-49A0-A148-F33E89E1C398}.Release|Any CPU.ActiveCfg = Release|Any CPU
		{9FB0EA94-355B-49A0-A148-F33E89E1C398}.Release|Any CPU.Build.0 = Release|Any CPU
		{99DF0FA4-C617-4C05-AD6F-02A85538BC5B}.Debug|Any CPU.ActiveCfg = Debug|Any CPU
		{99DF0FA4-C617-4C05-AD6F-02A85538BC5B}.Debug|Any CPU.Build.0 = Debug|Any CPU
		{99DF0FA4-C617-4C05-AD6F-02A85538BC5B}.Release|Any CPU.ActiveCfg = Release|Any CPU
		{99DF0FA4-C617-4C05-AD6F-02A85538BC5B}.Release|Any CPU.Build.0 = Release|Any CPU
	EndGlobalSection
	GlobalSection(SolutionProperties) = preSolution
		HideSolutionNode = FALSE
	EndGlobalSection
	GlobalSection(ExtensibilityGlobals) = postSolution
		SolutionGuid = {E3969C9A-09B6-4576-815C-25F4FD91D259}
	EndGlobalSection
EndGlobal
